
Microsoft Visual Studio Solution File, Format Version 12.00
# Visual Studio Version 17
VisualStudioVersion = 17.6.33815.320
MinimumVisualStudioVersion = 10.0.40219.1
Project("{FAE04EC0-301F-11D3-BF4B-00C04F79EFBC}") = "ProjetoIntegradorV", "ProjetoIntegradorV\ProjetoIntegradorV.csproj", "{DFA17566-F72F-416D-99D4-36EAC14FC053}"
EndProject
Global
	GlobalSection(SolutionConfigurationPlatforms) = preSolution
		Debug|Any CPU = Debug|Any CPU
		Release|Any CPU = Release|Any CPU
	EndGlobalSection
	GlobalSection(ProjectConfigurationPlatforms) = postSolution
		{DFA17566-F72F-416D-99D4-36EAC14FC053}.Debug|Any CPU.ActiveCfg = Debug|Any CPU
		{DFA17566-F72F-416D-99D4-36EAC14FC053}.Debug|Any CPU.Build.0 = Debug|Any CPU
		{DFA17566-F72F-416D-99D4-36EAC14FC053}.Release|Any CPU.ActiveCfg = Release|Any CPU
		{DFA17566-F72F-416D-99D4-36EAC14FC053}.Release|Any CPU.Build.0 = Release|Any CPU
	EndGlobalSection
	GlobalSection(SolutionProperties) = preSolution
		HideSolutionNode = FALSE
	EndGlobalSection
	GlobalSection(ExtensibilityGlobals) = postSolution
		SolutionGuid = {AFA85EE4-D335-4EC8-BB6F-971682690092}
	EndGlobalSection
EndGlobal
